
Microsoft Visual Studio Solution File, Format Version 12.00
# Visual Studio Version 17
VisualStudioVersion = 17.0.32112.339
MinimumVisualStudioVersion = 10.0.40219.1
Project("{8BC9CEB8-8B4A-11D0-8D11-00A0C91BC942}") = "Project 4", "Project 4\Project 4.vcxproj", "{6B5EB2ED-DC3F-46A4-A2EA-0F900D8045EA}"
EndProject
Project("{8BC9CEB8-8B4A-11D0-8D11-00A0C91BC942}") = "switch", "switch\switch.vcxproj", "{BA8C3D86-4B25-4C05-9544-8CACA116EBF6}"
EndProject
Project("{8BC9CEB8-8B4A-11D0-8D11-00A0C91BC942}") = "bmi", "bmi\bmi.vcxproj", "{F7FCB7EC-BA86-4802-B3DA-4C4D57FA843D}"
EndProject
Global
	GlobalSection(SolutionConfigurationPlatforms) = preSolution
		Debug|x64 = Debug|x64
		Debug|x86 = Debug|x86
		Release|x64 = Release|x64
		Release|x86 = Release|x86
	EndGlobalSection
	GlobalSection(ProjectConfigurationPlatforms) = postSolution
		{6B5EB2ED-DC3F-46A4-A2EA-0F900D8045EA}.Debug|x64.ActiveCfg = Debug|x64
		{6B5EB2ED-DC3F-46A4-A2EA-0F900D8045EA}.Debug|x64.Build.0 = Debug|x64
		{6B5EB2ED-DC3F-46A4-A2EA-0F900D8045EA}.Debug|x86.ActiveCfg = Debug|Win32
		{6B5EB2ED-DC3F-46A4-A2EA-0F900D8045EA}.Debug|x86.Build.0 = Debug|Win32
		{6B5EB2ED-DC3F-46A4-A2EA-0F900D8045EA}.Release|x64.ActiveCfg = Release|x64
		{6B5EB2ED-DC3F-46A4-A2EA-0F900D8045EA}.Release|x64.Build.0 = Release|x64
		{6B5EB2ED-DC3F-46A4-A2EA-0F900D8045EA}.Release|x86.ActiveCfg = Release|Win32
		{6B5EB2ED-DC3F-46A4-A2EA-0F900D8045EA}.Release|x86.Build.0 = Release|Win32
		{BA8C3D86-4B25-4C05-9544-8CACA116EBF6}.Debug|x64.ActiveCfg = Debug|x64
		{BA8C3D86-4B25-4C05-9544-8CACA116EBF6}.Debug|x64.Build.0 = Debug|x64
		{BA8C3D86-4B25-4C05-9544-8CACA116EBF6}.Debug|x86.ActiveCfg = Debug|Win32
		{BA8C3D86-4B25-4C05-9544-8CACA116EBF6}.Debug|x86.Build.0 = Debug|Win32
		{BA8C3D86-4B25-4C05-9544-8CACA116EBF6}.Release|x64.ActiveCfg = Release|x64
		{BA8C3D86-4B25-4C05-9544-8CACA116EBF6}.Release|x64.Build.0 = Release|x64
		{BA8C3D86-4B25-4C05-9544-8CACA116EBF6}.Release|x86.ActiveCfg = Release|Win32
		{BA8C3D86-4B25-4C05-9544-8CACA116EBF6}.Release|x86.Build.0 = Release|Win32
		{F7FCB7EC-BA86-4802-B3DA-4C4D57FA843D}.Debug|x64.ActiveCfg = Debug|x64
		{F7FCB7EC-BA86-4802-B3DA-4C4D57FA843D}.Debug|x64.Build.0 = Debug|x64
		{F7FCB7EC-BA86-4802-B3DA-4C4D57FA843D}.Debug|x86.ActiveCfg = Debug|Win32
		{F7FCB7EC-BA86-4802-B3DA-4C4D57FA843D}.Debug|x86.Build.0 = Debug|Win32
		{F7FCB7EC-BA86-4802-B3DA-4C4D57FA843D}.Release|x64.ActiveCfg = Release|x64
		{F7FCB7EC-BA86-4802-B3DA-4C4D57FA843D}.Release|x64.Build.0 = Release|x64
		{F7FCB7EC-BA86-4802-B3DA-4C4D57FA843D}.Release|x86.ActiveCfg = Release|Win32
		{F7FCB7EC-BA86-4802-B3DA-4C4D57FA843D}.Release|x86.Build.0 = Release|Win32
	EndGlobalSection
	GlobalSection(SolutionProperties) = preSolution
		HideSolutionNode = FALSE
	EndGlobalSection
	GlobalSection(ExtensibilityGlobals) = postSolution
		SolutionGuid = {A1AAB145-722D-4D7C-8487-764C028E0598}
	EndGlobalSection
EndGlobal
